{
  "nodes": {
    "darwin": {
      "inputs": {
        "nixpkgs": [
          "nixpkgs"
        ]
      },
      "locked": {
        "lastModified": 1721270582,
        "narHash": "sha256-MdZmYPPExntE5rJu88IhJSy8Um4UyZCTXhOwvzbjDVI=",
        "owner": "lnl7",
        "repo": "nix-darwin",
        "rev": "a3e4a7b8ffc08c7dc1973822a77ad432e1ec3dec",
        "type": "github"
      },
      "original": {
        "owner": "lnl7",
        "repo": "nix-darwin",
        "type": "github"
      }
    },
    "home-manager": {
      "inputs": {
        "nixpkgs": [
          "nixpkgs"
        ]
      },
      "locked": {
        "lastModified": 1721135958,
        "narHash": "sha256-H548rpPMsn25LDKn1PCFmPxmWlClJJGnvdzImHkqjuY=",
        "owner": "nix-community",
        "repo": "home-manager",
        "rev": "afd2021bedff2de92dfce0e257a3d03ae65c603d",
        "type": "github"
      },
      "original": {
        "owner": "nix-community",
        "ref": "master",
        "repo": "home-manager",
        "type": "github"
      }
    },
    "nixpkgs": {
      "locked": {
        "lastModified": 1721379653,
        "narHash": "sha256-8MUgifkJ7lkZs3u99UDZMB4kbOxvMEXQZ31FO3SopZ0=",
        "owner": "nixos",
        "repo": "nixpkgs",
        "rev": "1d9c2c9b3e71b9ee663d11c5d298727dace8d374",
        "type": "github"
      },
      "original": {
        "owner": "nixos",
        "ref": "nixos-unstable",
        "repo": "nixpkgs",
        "type": "github"
      }
    },
    "nixpkgs-master": {
      "locked": {
        "lastModified": 1719911046,
        "narHash": "sha256-GMHbE8MbUK886x26Y/9uAtutxodlhHwfzDRuC6qLxHA=",
        "owner": "nixos",
        "repo": "nixpkgs",
        "rev": "8188fcb8f4b2525d89372d044168c6aac458453f",
        "type": "github"
      },
      "original": {
        "owner": "nixos",
        "ref": "master",
        "repo": "nixpkgs",
        "type": "github"
      }
    },
    "nixpkgs-stable": {
      "locked": {
        "lastModified": 1721406512,
        "narHash": "sha256-AgDx+GUJx1emR8aPwJFZUtlsqAZqMCCJw57IpfqRAZo=",
        "owner": "nixos",
        "repo": "nixpkgs",
        "rev": "866bc4e9a5695ae7cf9de504d4ffc3459d7b1fbd",
        "type": "github"
      },
      "original": {
        "owner": "nixos",
        "repo": "nixpkgs",
        "type": "github"
      }
    },
    "nur": {
      "locked": {
        "lastModified": 1721407097,
        "narHash": "sha256-y2uFuCkJs6hT9Ll6HnJgIVF8V3TmcW6kTyIRHwYQrWg=",
        "owner": "nix-community",
        "repo": "NUR",
        "rev": "798afce2460905c4e7a84f5428e8d7b36a286c24",
        "type": "github"
      },
      "original": {
        "owner": "nix-community",
        "repo": "NUR",
        "type": "github"
      }
    },
    "root": {
      "inputs": {
        "darwin": "darwin",
        "home-manager": "home-manager",
        "nixpkgs": "nixpkgs",
        "nixpkgs-master": "nixpkgs-master",
        "nixpkgs-stable": "nixpkgs-stable",
        "nur": "nur"
      }
    }
  },
  "root": "root",
  "version": 7
}
